
Microsoft Visual Studio Solution File, Format Version 12.00
# Visual Studio Version 16
VisualStudioVersion = 16.0.30621.155
MinimumVisualStudioVersion = 10.0.40219.1
Project("{FAE04EC0-301F-11D3-BF4B-00C04F79EFBC}") = "Version 1.1", "Version 1.1.csproj", "{17BBE506-E719-428B-989F-828E2EE6A02A}"
EndProject
Global
	GlobalSection(SolutionConfigurationPlatforms) = preSolution
		Debug|Any CPU = Debug|Any CPU
		Release|Any CPU = Release|Any CPU
	EndGlobalSection
	GlobalSection(ProjectConfigurationPlatforms) = postSolution
		{17BBE506-E719-428B-989F-828E2EE6A02A}.Debug|Any CPU.ActiveCfg = Debug|Any CPU
		{17BBE506-E719-428B-989F-828E2EE6A02A}.Debug|Any CPU.Build.0 = Debug|Any CPU
		{17BBE506-E719-428B-989F-828E2EE6A02A}.Release|Any CPU.ActiveCfg = Release|Any CPU
		{17BBE506-E719-428B-989F-828E2EE6A02A}.Release|Any CPU.Build.0 = Release|Any CPU
	EndGlobalSection
	GlobalSection(SolutionProperties) = preSolution
		HideSolutionNode = FALSE
	EndGlobalSection
	GlobalSection(ExtensibilityGlobals) = postSolution
		SolutionGuid = {DD500ACA-8C54-412B-9B1A-E65CCDAFDEAB}
	EndGlobalSection
EndGlobal
